# This file is automatically @generated by Cargo.
# It is not intended for manual editing.
[[package]]
name = "cbor"
version = "0.1.0"
dependencies = [
 "fnd 0.1.0",
]

[[package]]
name = "fnd"
version = "0.1.0"
dependencies = [
 "win32 0.1.0",
]

[[package]]
name = "gfx"
version = "0.1.0"
dependencies = [
 "fnd 0.1.0",
 "vk 0.1.0",
 "wsi 0.1.0",
]

[[package]]
name = "hash_macro"
version = "0.1.0"
dependencies = [
 "fnd 0.1.0",
]

[[package]]
name = "main"
version = "0.1.0"
dependencies = [
 "fnd 0.1.0",
 "gfx 0.1.0",
 "tlsf 0.1.0",
 "wsi 0.1.0",
]

[[package]]
name = "tlsf"
version = "0.1.0"
dependencies = [
 "fnd 0.1.0",
]

[[package]]
name = "vk"
version = "0.1.0"
dependencies = [
 "win32 0.1.0",
]

[[package]]
name = "win32"
version = "0.1.0"

[[package]]
name = "wsi"
version = "0.1.0"
dependencies = [
 "fnd 0.1.0",
 "win32 0.1.0",
]
